{
  "name": "pi-browser-read",
  "lockfileVersion": 3,
  "requires": true,
  "packages": {
    "": {
      "name": "pi-browser-read",
      "dependencies": {
        "@sinclair/typebox": "^0.34.49",
        "playwright-core": "1.59.1"
      }
    },
    "node_modules/@sinclair/typebox": {
      "version": "0.34.49",
      "resolved": "https://registry.npmjs.org/@sinclair/typebox/-/typebox-0.34.49.tgz",
      "integrity": "sha512-brySQQs7Jtn0joV8Xh9ZV/hZb9Ozb0pmazDIASBkYKCjXrXU3mpcFahmK/z4YDhGkQvP9mWJbVyahdtU5wQA+A==",
      "license": "MIT"
    },
    "node_modules/playwright-core": {
      "version": "1.59.1",
      "resolved": "https://registry.npmjs.org/playwright-core/-/playwright-core-1.59.1.tgz",
      "integrity": "sha512-HBV/RJg81z5BiiZ9yPzIiClYV/QMsDCKUyogwH9p3MCP6IYjUFu/MActgYAvK0oWyV9NlwM3GLBjADyWgydVyg==",
      "license": "Apache-2.0",
      "bin": {
        "playwright-core": "cli.js"
      },
      "engines": {
        "node": ">=18"
      }
    }
  }
}
